// !$*UTF8*$!
{
	archiveVersion = 1;
	classes = {
	};
	objectVersion = 55;
	objects = {

/* Begin PBXBuildFile section */
		5506067A288EC71F00B717DE /* MainPageViewController.swift in Sources */ = {isa = PBXBuildFile; fileRef = 55060679288EC71F00B717DE /* MainPageViewController.swift */; };
		5506067E288EC87F00B717DE /* CardTableViewCell.swift in Sources */ = {isa = PBXBuildFile; fileRef = 5506067C288EC87F00B717DE /* CardTableViewCell.swift */; };
		5506067F288EC87F00B717DE /* CardTableViewCell.xib in Resources */ = {isa = PBXBuildFile; fileRef = 5506067D288EC87F00B717DE /* CardTableViewCell.xib */; };
		55060682288ECCB500B717DE /* CardCollectionViewCell.swift in Sources */ = {isa = PBXBuildFile; fileRef = 55060680288ECCB500B717DE /* CardCollectionViewCell.swift */; };
		55060683288ECCB500B717DE /* CardCollectionViewCell.xib in Resources */ = {isa = PBXBuildFile; fileRef = 55060681288ECCB500B717DE /* CardCollectionViewCell.xib */; };
		5527D3AC28900A1C00D33242 /* LogPage.storyboard in Resources */ = {isa = PBXBuildFile; fileRef = 5527D3AB28900A1C00D33242 /* LogPage.storyboard */; };
		5527D3B62890187F00D33242 /* LogPageViewController.swift in Sources */ = {isa = PBXBuildFile; fileRef = 5527D3B52890187F00D33242 /* LogPageViewController.swift */; };
		5527D3BB2890243300D33242 /* CollectionViewCell.swift in Sources */ = {isa = PBXBuildFile; fileRef = 5527D3B92890243300D33242 /* CollectionViewCell.swift */; };
		5527D3BC2890243300D33242 /* CollectionViewCell.xib in Resources */ = {isa = PBXBuildFile; fileRef = 5527D3BA2890243300D33242 /* CollectionViewCell.xib */; };
		B77A185B69A00583FF0855B7 /* Pods_Plantity.framework in Frameworks */ = {isa = PBXBuildFile; fileRef = 3A5BB4544D9658449C93E75F /* Pods_Plantity.framework */; };
		F431BC77288FCDA800E4E614 /* MyPageViewController.swift in Sources */ = {isa = PBXBuildFile; fileRef = F431BC76288FCDA800E4E614 /* MyPageViewController.swift */; };
		F4864507288CC34B00956C4C /* Color+Extension.swift in Sources */ = {isa = PBXBuildFile; fileRef = F4864506288CC34B00956C4C /* Color+Extension.swift */; };
		F4B3722C288E5E2F002215F1 /* ResultTableViewCell.swift in Sources */ = {isa = PBXBuildFile; fileRef = F4B3722A288E5E2F002215F1 /* ResultTableViewCell.swift */; };
		F4B3722D288E5E2F002215F1 /* ResultTableViewCell.xib in Resources */ = {isa = PBXBuildFile; fileRef = F4B3722B288E5E2F002215F1 /* ResultTableViewCell.xib */; };
		F4B37230288E73C6002215F1 /* SearchResultModel.swift in Sources */ = {isa = PBXBuildFile; fileRef = F4B3722F288E73C6002215F1 /* SearchResultModel.swift */; };
		F4B989F92891826C00807A14 /* MyCollectionViewCell.swift in Sources */ = {isa = PBXBuildFile; fileRef = F4B989F72891826C00807A14 /* MyCollectionViewCell.swift */; };
		F4B989FD2891828200807A14 /* MyTableViewCell.swift in Sources */ = {isa = PBXBuildFile; fileRef = F4B989FB2891828200807A14 /* MyTableViewCell.swift */; };
		F4B989FF289189E700807A14 /* SearchPage.storyboard in Resources */ = {isa = PBXBuildFile; fileRef = F4BE4BFA288AE00100CF276D /* SearchPage.storyboard */; };
		F4B98A00289189FB00807A14 /* MainPage.storyboard in Resources */ = {isa = PBXBuildFile; fileRef = 55060675288EA07100B717DE /* MainPage.storyboard */; };
		F4B98A0128918A2A00807A14 /* MyPage.storyboard in Resources */ = {isa = PBXBuildFile; fileRef = F4BE4BFC288AE00C00CF276D /* MyPage.storyboard */; };
		F4B98A0228918A3000807A14 /* MyCollectionViewCell.xib in Resources */ = {isa = PBXBuildFile; fileRef = F4B989F82891826C00807A14 /* MyCollectionViewCell.xib */; };
		F4B98A0328918A3400807A14 /* MyTableViewCell.xib in Resources */ = {isa = PBXBuildFile; fileRef = F4B989FC2891828200807A14 /* MyTableViewCell.xib */; };
		F4B98A0428918A5400807A14 /* Assets.xcassets in Resources */ = {isa = PBXBuildFile; fileRef = F4BE4BE9288ADBFF00CF276D /* Assets.xcassets */; };
		F4BE4BDE288ADBFF00CF276D /* AppDelegate.swift in Sources */ = {isa = PBXBuildFile; fileRef = F4BE4BDD288ADBFF00CF276D /* AppDelegate.swift */; };
		F4BE4BE0288ADBFF00CF276D /* SceneDelegate.swift in Sources */ = {isa = PBXBuildFile; fileRef = F4BE4BDF288ADBFF00CF276D /* SceneDelegate.swift */; };
		F4BE4BE2288ADBFF00CF276D /* ViewController.swift in Sources */ = {isa = PBXBuildFile; fileRef = F4BE4BE1288ADBFF00CF276D /* ViewController.swift */; };
		F4BE4BE5288ADBFF00CF276D /* Main.storyboard in Resources */ = {isa = PBXBuildFile; fileRef = F4BE4BE3288ADBFF00CF276D /* Main.storyboard */; };
		F4BE4BE8288ADBFF00CF276D /* Plantity.xcdatamodeld in Sources */ = {isa = PBXBuildFile; fileRef = F4BE4BE6288ADBFF00CF276D /* Plantity.xcdatamodeld */; };
		F4BE4BED288ADBFF00CF276D /* LaunchScreen.storyboard in Resources */ = {isa = PBXBuildFile; fileRef = F4BE4BEB288ADBFF00CF276D /* LaunchScreen.storyboard */; };
		F4BE4BF9288ADFEC00CF276D /* SearchViewController.swift in Sources */ = {isa = PBXBuildFile; fileRef = F4BE4BF8288ADFEC00CF276D /* SearchViewController.swift */; };
		F4BE4BFF288AE01600CF276D /* GuidelinePage.storyboard in Resources */ = {isa = PBXBuildFile; fileRef = F4BE4BFE288AE01600CF276D /* GuidelinePage.storyboard */; };
		F4C829D928925314009AB584 /* GuideViewController.swift in Sources */ = {isa = PBXBuildFile; fileRef = F4C829D828925314009AB584 /* GuideViewController.swift */; };
		F4C829E128925A7E009AB584 /* NewsCollectionViewCell.swift in Sources */ = {isa = PBXBuildFile; fileRef = F4C829DF28925A7E009AB584 /* NewsCollectionViewCell.swift */; };
		F4C829E228925A7E009AB584 /* NewsCollectionViewCell.xib in Resources */ = {isa = PBXBuildFile; fileRef = F4C829E028925A7E009AB584 /* NewsCollectionViewCell.xib */; };
		F4C829E528926221009AB584 /* GuideCollectionViewCell.swift in Sources */ = {isa = PBXBuildFile; fileRef = F4C829E328926221009AB584 /* GuideCollectionViewCell.swift */; };
		F4C829E628926221009AB584 /* GuideCollectionViewCell.xib in Resources */ = {isa = PBXBuildFile; fileRef = F4C829E428926221009AB584 /* GuideCollectionViewCell.xib */; };
		F4D8C929288B866F0019B6BC /* SearchTableViewCell.swift in Sources */ = {isa = PBXBuildFile; fileRef = F4D8C927288B866F0019B6BC /* SearchTableViewCell.swift */; };
		F4D8C92A288B866F0019B6BC /* SearchTableViewCell.xib in Resources */ = {isa = PBXBuildFile; fileRef = F4D8C928288B866F0019B6BC /* SearchTableViewCell.xib */; };
		F4D8C931288B90230019B6BC /* TagTableViewCell.swift in Sources */ = {isa = PBXBuildFile; fileRef = F4D8C92F288B90230019B6BC /* TagTableViewCell.swift */; };
		F4D8C932288B90230019B6BC /* TagTableViewCell.xib in Resources */ = {isa = PBXBuildFile; fileRef = F4D8C930288B90230019B6BC /* TagTableViewCell.xib */; };
		F4D8C935288B94140019B6BC /* TagCollectionViewCell.swift in Sources */ = {isa = PBXBuildFile; fileRef = F4D8C933288B94140019B6BC /* TagCollectionViewCell.swift */; };
		F4D8C936288B94140019B6BC /* TagCollectionViewCell.xib in Resources */ = {isa = PBXBuildFile; fileRef = F4D8C934288B94140019B6BC /* TagCollectionViewCell.xib */; };
/* End PBXBuildFile section */

/* Begin PBXFileReference section */
		06B60FD27FBE249E2699CB15 /* Pods-Plantity.debug.xcconfig */ = {isa = PBXFileReference; includeInIndex = 1; lastKnownFileType = text.xcconfig; name = "Pods-Plantity.debug.xcconfig"; path = "Target Support Files/Pods-Plantity/Pods-Plantity.debug.xcconfig"; sourceTree = "<group>"; };
		28B852B95900EA4E999DE176 /* Pods-Plantity.release.xcconfig */ = {isa = PBXFileReference; includeInIndex = 1; lastKnownFileType = text.xcconfig; name = "Pods-Plantity.release.xcconfig"; path = "Target Support Files/Pods-Plantity/Pods-Plantity.release.xcconfig"; sourceTree = "<group>"; };
		3A5BB4544D9658449C93E75F /* Pods_Plantity.framework */ = {isa = PBXFileReference; explicitFileType = wrapper.framework; includeInIndex = 0; path = Pods_Plantity.framework; sourceTree = BUILT_PRODUCTS_DIR; };
		55060675288EA07100B717DE /* MainPage.storyboard */ = {isa = PBXFileReference; lastKnownFileType = file.storyboard; path = MainPage.storyboard; sourceTree = "<group>"; };
		55060679288EC71F00B717DE /* MainPageViewController.swift */ = {isa = PBXFileReference; lastKnownFileType = sourcecode.swift; path = MainPageViewController.swift; sourceTree = "<group>"; };
		5506067C288EC87F00B717DE /* CardTableViewCell.swift */ = {isa = PBXFileReference; lastKnownFileType = sourcecode.swift; path = CardTableViewCell.swift; sourceTree = "<group>"; };
		5506067D288EC87F00B717DE /* CardTableViewCell.xib */ = {isa = PBXFileReference; lastKnownFileType = file.xib; path = CardTableViewCell.xib; sourceTree = "<group>"; };
		55060680288ECCB500B717DE /* CardCollectionViewCell.swift */ = {isa = PBXFileReference; lastKnownFileType = sourcecode.swift; path = CardCollectionViewCell.swift; sourceTree = "<group>"; };
		55060681288ECCB500B717DE /* CardCollectionViewCell.xib */ = {isa = PBXFileReference; lastKnownFileType = file.xib; path = CardCollectionViewCell.xib; sourceTree = "<group>"; };
		5527D3AB28900A1C00D33242 /* LogPage.storyboard */ = {isa = PBXFileReference; lastKnownFileType = file.storyboard; path = LogPage.storyboard; sourceTree = "<group>"; };
		5527D3B52890187F00D33242 /* LogPageViewController.swift */ = {isa = PBXFileReference; lastKnownFileType = sourcecode.swift; path = LogPageViewController.swift; sourceTree = "<group>"; };
		5527D3B92890243300D33242 /* CollectionViewCell.swift */ = {isa = PBXFileReference; lastKnownFileType = sourcecode.swift; path = CollectionViewCell.swift; sourceTree = "<group>"; };
		5527D3BA2890243300D33242 /* CollectionViewCell.xib */ = {isa = PBXFileReference; lastKnownFileType = file.xib; path = CollectionViewCell.xib; sourceTree = "<group>"; };
		F431BC76288FCDA800E4E614 /* MyPageViewController.swift */ = {isa = PBXFileReference; lastKnownFileType = sourcecode.swift; path = MyPageViewController.swift; sourceTree = "<group>"; };
		F431BC7A288FCF8100E4E614 /* MyTableViewCell.xib */ = {isa = PBXFileReference; lastKnownFileType = file.xib; path = MyTableViewCell.xib; sourceTree = "<group>"; };
		F431BC7D288FD2B500E4E614 /* MyCollectionViewCell.swift */ = {isa = PBXFileReference; lastKnownFileType = sourcecode.swift; path = MyCollectionViewCell.swift; sourceTree = "<group>"; };
		F431BC7E288FD2B500E4E614 /* MyCollectionViewCell.xib */ = {isa = PBXFileReference; lastKnownFileType = file.xib; path = MyCollectionViewCell.xib; sourceTree = "<group>"; };
		F4864506288CC34B00956C4C /* Color+Extension.swift */ = {isa = PBXFileReference; lastKnownFileType = sourcecode.swift; path = "Color+Extension.swift"; sourceTree = "<group>"; };
		F4B3722A288E5E2F002215F1 /* ResultTableViewCell.swift */ = {isa = PBXFileReference; lastKnownFileType = sourcecode.swift; path = ResultTableViewCell.swift; sourceTree = "<group>"; };
		F4B3722B288E5E2F002215F1 /* ResultTableViewCell.xib */ = {isa = PBXFileReference; lastKnownFileType = file.xib; path = ResultTableViewCell.xib; sourceTree = "<group>"; };
		F4B3722F288E73C6002215F1 /* SearchResultModel.swift */ = {isa = PBXFileReference; lastKnownFileType = sourcecode.swift; path = SearchResultModel.swift; sourceTree = "<group>"; };
		F4B989F72891826C00807A14 /* MyCollectionViewCell.swift */ = {isa = PBXFileReference; lastKnownFileType = sourcecode.swift; path = MyCollectionViewCell.swift; sourceTree = "<group>"; };
		F4B989F82891826C00807A14 /* MyCollectionViewCell.xib */ = {isa = PBXFileReference; lastKnownFileType = file.xib; path = MyCollectionViewCell.xib; sourceTree = "<group>"; };
		F4B989FB2891828200807A14 /* MyTableViewCell.swift */ = {isa = PBXFileReference; lastKnownFileType = sourcecode.swift; path = MyTableViewCell.swift; sourceTree = "<group>"; };
		F4B989FC2891828200807A14 /* MyTableViewCell.xib */ = {isa = PBXFileReference; lastKnownFileType = file.xib; path = MyTableViewCell.xib; sourceTree = "<group>"; };
		F4BE4BDA288ADBFF00CF276D /* Plantity.app */ = {isa = PBXFileReference; explicitFileType = wrapper.application; includeInIndex = 0; path = Plantity.app; sourceTree = BUILT_PRODUCTS_DIR; };
		F4BE4BDD288ADBFF00CF276D /* AppDelegate.swift */ = {isa = PBXFileReference; lastKnownFileType = sourcecode.swift; path = AppDelegate.swift; sourceTree = "<group>"; };
		F4BE4BDF288ADBFF00CF276D /* SceneDelegate.swift */ = {isa = PBXFileReference; lastKnownFileType = sourcecode.swift; path = SceneDelegate.swift; sourceTree = "<group>"; };
		F4BE4BE1288ADBFF00CF276D /* ViewController.swift */ = {isa = PBXFileReference; lastKnownFileType = sourcecode.swift; path = ViewController.swift; sourceTree = "<group>"; };
		F4BE4BE4288ADBFF00CF276D /* Base */ = {isa = PBXFileReference; lastKnownFileType = file.storyboard; name = Base; path = Base.lproj/Main.storyboard; sourceTree = "<group>"; };
		F4BE4BE7288ADBFF00CF276D /* Plantity.xcdatamodel */ = {isa = PBXFileReference; lastKnownFileType = wrapper.xcdatamodel; path = Plantity.xcdatamodel; sourceTree = "<group>"; };
		F4BE4BE9288ADBFF00CF276D /* Assets.xcassets */ = {isa = PBXFileReference; lastKnownFileType = folder.assetcatalog; path = Assets.xcassets; sourceTree = "<group>"; };
		F4BE4BEC288ADBFF00CF276D /* Base */ = {isa = PBXFileReference; lastKnownFileType = file.storyboard; name = Base; path = Base.lproj/LaunchScreen.storyboard; sourceTree = "<group>"; };
		F4BE4BEE288ADBFF00CF276D /* Info.plist */ = {isa = PBXFileReference; lastKnownFileType = text.plist.xml; path = Info.plist; sourceTree = "<group>"; };
		F4BE4BF8288ADFEC00CF276D /* SearchViewController.swift */ = {isa = PBXFileReference; lastKnownFileType = sourcecode.swift; path = SearchViewController.swift; sourceTree = "<group>"; };
		F4BE4BFA288AE00100CF276D /* SearchPage.storyboard */ = {isa = PBXFileReference; lastKnownFileType = file.storyboard; path = SearchPage.storyboard; sourceTree = "<group>"; };
		F4BE4BFC288AE00C00CF276D /* MyPage.storyboard */ = {isa = PBXFileReference; lastKnownFileType = file.storyboard; path = MyPage.storyboard; sourceTree = "<group>"; };
		F4BE4BFE288AE01600CF276D /* GuidelinePage.storyboard */ = {isa = PBXFileReference; lastKnownFileType = file.storyboard; path = GuidelinePage.storyboard; sourceTree = "<group>"; };
		F4C829D828925314009AB584 /* GuideViewController.swift */ = {isa = PBXFileReference; lastKnownFileType = sourcecode.swift; path = GuideViewController.swift; sourceTree = "<group>"; };
		F4C829DF28925A7E009AB584 /* NewsCollectionViewCell.swift */ = {isa = PBXFileReference; lastKnownFileType = sourcecode.swift; path = NewsCollectionViewCell.swift; sourceTree = "<group>"; };
		F4C829E028925A7E009AB584 /* NewsCollectionViewCell.xib */ = {isa = PBXFileReference; lastKnownFileType = file.xib; path = NewsCollectionViewCell.xib; sourceTree = "<group>"; };
		F4C829E328926221009AB584 /* GuideCollectionViewCell.swift */ = {isa = PBXFileReference; lastKnownFileType = sourcecode.swift; path = GuideCollectionViewCell.swift; sourceTree = "<group>"; };
		F4C829E428926221009AB584 /* GuideCollectionViewCell.xib */ = {isa = PBXFileReference; lastKnownFileType = file.xib; path = GuideCollectionViewCell.xib; sourceTree = "<group>"; };
		F4D8C927288B866F0019B6BC /* SearchTableViewCell.swift */ = {isa = PBXFileReference; lastKnownFileType = sourcecode.swift; path = SearchTableViewCell.swift; sourceTree = "<group>"; };
		F4D8C928288B866F0019B6BC /* SearchTableViewCell.xib */ = {isa = PBXFileReference; lastKnownFileType = file.xib; path = SearchTableViewCell.xib; sourceTree = "<group>"; };
		F4D8C92F288B90230019B6BC /* TagTableViewCell.swift */ = {isa = PBXFileReference; lastKnownFileType = sourcecode.swift; path = TagTableViewCell.swift; sourceTree = "<group>"; };
		F4D8C930288B90230019B6BC /* TagTableViewCell.xib */ = {isa = PBXFileReference; lastKnownFileType = file.xib; path = TagTableViewCell.xib; sourceTree = "<group>"; };
		F4D8C933288B94140019B6BC /* TagCollectionViewCell.swift */ = {isa = PBXFileReference; lastKnownFileType = sourcecode.swift; path = TagCollectionViewCell.swift; sourceTree = "<group>"; };
		F4D8C934288B94140019B6BC /* TagCollectionViewCell.xib */ = {isa = PBXFileReference; lastKnownFileType = file.xib; path = TagCollectionViewCell.xib; sourceTree = "<group>"; };
/* End PBXFileReference section */

/* Begin PBXFrameworksBuildPhase section */
		F4BE4BD7288ADBFF00CF276D /* Frameworks */ = {
			isa = PBXFrameworksBuildPhase;
			buildActionMask = 2147483647;
			files = (
				B77A185B69A00583FF0855B7 /* Pods_Plantity.framework in Frameworks */,
			);
			runOnlyForDeploymentPostprocessing = 0;
		};
/* End PBXFrameworksBuildPhase section */

/* Begin PBXGroup section */
		527CCFA9D7B88BA7809187AC /* Pods */ = {
			isa = PBXGroup;
			children = (
				06B60FD27FBE249E2699CB15 /* Pods-Plantity.debug.xcconfig */,
				28B852B95900EA4E999DE176 /* Pods-Plantity.release.xcconfig */,
			);
			path = Pods;
			sourceTree = "<group>";
		};
		55060674288EA01F00B717DE /* LogPage */ = {
			isa = PBXGroup;
			children = (
				5527D3AB28900A1C00D33242 /* LogPage.storyboard */,
				5527D3B52890187F00D33242 /* LogPageViewController.swift */,
				5527D3B92890243300D33242 /* CollectionViewCell.swift */,
				5527D3BA2890243300D33242 /* CollectionViewCell.xib */,
			);
			path = LogPage;
			sourceTree = "<group>";
		};
		5506067B288EC85000B717DE /* Cell */ = {
			isa = PBXGroup;
			children = (
				5506067C288EC87F00B717DE /* CardTableViewCell.swift */,
				5506067D288EC87F00B717DE /* CardTableViewCell.xib */,
				55060680288ECCB500B717DE /* CardCollectionViewCell.swift */,
				55060681288ECCB500B717DE /* CardCollectionViewCell.xib */,
			);
			path = Cell;
			sourceTree = "<group>";
		};
		5863E4D5568D95492D10BDA6 /* Frameworks */ = {
			isa = PBXGroup;
			children = (
				3A5BB4544D9658449C93E75F /* Pods_Plantity.framework */,
			);
			name = Frameworks;
			sourceTree = "<group>";
		};
		F4B3722E288E7381002215F1 /* ResultDataManager */ = {
			isa = PBXGroup;
			children = (
				F4B3722F288E73C6002215F1 /* SearchResultModel.swift */,
			);
			path = ResultDataManager;
			sourceTree = "<group>";
		};
		F4B989E928917F4800807A14 /* Recovered References */ = {
			isa = PBXGroup;
			children = (
				F431BC7D288FD2B500E4E614 /* MyCollectionViewCell.swift */,
				F431BC7E288FD2B500E4E614 /* MyCollectionViewCell.xib */,
				F431BC7A288FCF8100E4E614 /* MyTableViewCell.xib */,
			);
			name = "Recovered References";
			sourceTree = "<group>";
		};
		F4B989F62891825200807A14 /* Cell */ = {
			isa = PBXGroup;
			children = (
				F4B989F72891826C00807A14 /* MyCollectionViewCell.swift */,
				F4B989F82891826C00807A14 /* MyCollectionViewCell.xib */,
				F4B989FB2891828200807A14 /* MyTableViewCell.swift */,
				F4B989FC2891828200807A14 /* MyTableViewCell.xib */,
			);
			path = Cell;
			sourceTree = "<group>";
		};
		F4BE4BD1288ADBFF00CF276D = {
			isa = PBXGroup;
			children = (
				F4BE4BDC288ADBFF00CF276D /* Plantity */,
				F4BE4BDB288ADBFF00CF276D /* Products */,
				527CCFA9D7B88BA7809187AC /* Pods */,
				5863E4D5568D95492D10BDA6 /* Frameworks */,
				F4B989E928917F4800807A14 /* Recovered References */,
			);
			sourceTree = "<group>";
		};
		F4BE4BDB288ADBFF00CF276D /* Products */ = {
			isa = PBXGroup;
			children = (
				F4BE4BDA288ADBFF00CF276D /* Plantity.app */,
			);
			name = Products;
			sourceTree = "<group>";
		};
		F4BE4BDC288ADBFF00CF276D /* Plantity */ = {
			isa = PBXGroup;
			children = (
				55060674288EA01F00B717DE /* LogPage */,
				F4BE4BF7288ADFC900CF276D /* SearchPage */,
				F4BE4BF6288ADFC200CF276D /* MyPage */,
				F4BE4BF5288ADFB400CF276D /* GuidelinePage */,
				F4BE4BF4288ADFA500CF276D /* MainPage */,
				F4BE4BDD288ADBFF00CF276D /* AppDelegate.swift */,
				F4BE4BDF288ADBFF00CF276D /* SceneDelegate.swift */,
				F4BE4BE1288ADBFF00CF276D /* ViewController.swift */,
				F4BE4BE3288ADBFF00CF276D /* Main.storyboard */,
				F4BE4BE9288ADBFF00CF276D /* Assets.xcassets */,
				F4BE4BEB288ADBFF00CF276D /* LaunchScreen.storyboard */,
				F4BE4BEE288ADBFF00CF276D /* Info.plist */,
				F4BE4BE6288ADBFF00CF276D /* Plantity.xcdatamodeld */,
				F4864506288CC34B00956C4C /* Color+Extension.swift */,
			);
			path = Plantity;
			sourceTree = "<group>";
		};
		F4BE4BF4288ADFA500CF276D /* MainPage */ = {
			isa = PBXGroup;
			children = (
				5506067B288EC85000B717DE /* Cell */,
				55060675288EA07100B717DE /* MainPage.storyboard */,
				55060679288EC71F00B717DE /* MainPageViewController.swift */,
			);
			path = MainPage;
			sourceTree = "<group>";
		};
		F4BE4BF5288ADFB400CF276D /* GuidelinePage */ = {
			isa = PBXGroup;
			children = (
				F4C829DA289259D4009AB584 /* Cell */,
				F4BE4BFE288AE01600CF276D /* GuidelinePage.storyboard */,
				F4C829D828925314009AB584 /* GuideViewController.swift */,
			);
			path = GuidelinePage;
			sourceTree = "<group>";
		};
		F4BE4BF6288ADFC200CF276D /* MyPage */ = {
			isa = PBXGroup;
			children = (
				F4B989F62891825200807A14 /* Cell */,
				F4BE4BFC288AE00C00CF276D /* MyPage.storyboard */,
				F431BC76288FCDA800E4E614 /* MyPageViewController.swift */,
			);
			path = MyPage;
			sourceTree = "<group>";
		};
		F4BE4BF7288ADFC900CF276D /* SearchPage */ = {
			isa = PBXGroup;
			children = (
				F4B3722E288E7381002215F1 /* ResultDataManager */,
				F4D8C92C288B8FE00019B6BC /* Cell */,
				F4BE4BF8288ADFEC00CF276D /* SearchViewController.swift */,
				F4BE4BFA288AE00100CF276D /* SearchPage.storyboard */,
			);
			path = SearchPage;
			sourceTree = "<group>";
		};
		F4C829DA289259D4009AB584 /* Cell */ = {
			isa = PBXGroup;
			children = (
				F4C829DF28925A7E009AB584 /* NewsCollectionViewCell.swift */,
				F4C829E028925A7E009AB584 /* NewsCollectionViewCell.xib */,
				F4C829E328926221009AB584 /* GuideCollectionViewCell.swift */,
				F4C829E428926221009AB584 /* GuideCollectionViewCell.xib */,
			);
			path = Cell;
			sourceTree = "<group>";
		};
		F4D8C92C288B8FE00019B6BC /* Cell */ = {
			isa = PBXGroup;
			children = (
				F4D8C92E288B8FF60019B6BC /* Tag */,
				F4D8C92D288B8FEB0019B6BC /* Search */,
			);
			path = Cell;
			sourceTree = "<group>";
		};
		F4D8C92D288B8FEB0019B6BC /* Search */ = {
			isa = PBXGroup;
			children = (
				F4D8C927288B866F0019B6BC /* SearchTableViewCell.swift */,
				F4D8C928288B866F0019B6BC /* SearchTableViewCell.xib */,
				F4B3722A288E5E2F002215F1 /* ResultTableViewCell.swift */,
				F4B3722B288E5E2F002215F1 /* ResultTableViewCell.xib */,
			);
			path = Search;
			sourceTree = "<group>";
		};
		F4D8C92E288B8FF60019B6BC /* Tag */ = {
			isa = PBXGroup;
			children = (
				F4D8C92F288B90230019B6BC /* TagTableViewCell.swift */,
				F4D8C930288B90230019B6BC /* TagTableViewCell.xib */,
				F4D8C933288B94140019B6BC /* TagCollectionViewCell.swift */,
				F4D8C934288B94140019B6BC /* TagCollectionViewCell.xib */,
			);
			path = Tag;
			sourceTree = "<group>";
		};
/* End PBXGroup section */

/* Begin PBXNativeTarget section */
		F4BE4BD9288ADBFF00CF276D /* Plantity */ = {
			isa = PBXNativeTarget;
			buildConfigurationList = F4BE4BF1288ADBFF00CF276D /* Build configuration list for PBXNativeTarget "Plantity" */;
			buildPhases = (
				A9C975089B332D8A974BF031 /* [CP] Check Pods Manifest.lock */,
				F4BE4BD6288ADBFF00CF276D /* Sources */,
				F4BE4BD7288ADBFF00CF276D /* Frameworks */,
				F4BE4BD8288ADBFF00CF276D /* Resources */,
				8D4DAB0584ED4AB893538745 /* [CP] Embed Pods Frameworks */,
			);
			buildRules = (
			);
			dependencies = (
			);
			name = Plantity;
			productName = Plantity;
			productReference = F4BE4BDA288ADBFF00CF276D /* Plantity.app */;
			productType = "com.apple.product-type.application";
		};
/* End PBXNativeTarget section */

/* Begin PBXProject section */
		F4BE4BD2288ADBFF00CF276D /* Project object */ = {
			isa = PBXProject;
			attributes = {
				BuildIndependentTargetsInParallel = 1;
				LastSwiftUpdateCheck = 1340;
				LastUpgradeCheck = 1340;
				TargetAttributes = {
					F4BE4BD9288ADBFF00CF276D = {
						CreatedOnToolsVersion = 13.4.1;
					};
				};
			};
			buildConfigurationList = F4BE4BD5288ADBFF00CF276D /* Build configuration list for PBXProject "Plantity" */;
			compatibilityVersion = "Xcode 13.0";
			developmentRegion = en;
			hasScannedForEncodings = 0;
			knownRegions = (
				en,
				Base,
			);
			mainGroup = F4BE4BD1288ADBFF00CF276D;
			productRefGroup = F4BE4BDB288ADBFF00CF276D /* Products */;
			projectDirPath = "";
			projectRoot = "";
			targets = (
				F4BE4BD9288ADBFF00CF276D /* Plantity */,
			);
		};
/* End PBXProject section */

/* Begin PBXResourcesBuildPhase section */
		F4BE4BD8288ADBFF00CF276D /* Resources */ = {
			isa = PBXResourcesBuildPhase;
			buildActionMask = 2147483647;
			files = (
				F4B98A0428918A5400807A14 /* Assets.xcassets in Resources */,
				F4B98A0328918A3400807A14 /* MyTableViewCell.xib in Resources */,
				F4B98A0228918A3000807A14 /* MyCollectionViewCell.xib in Resources */,
				F4B98A0128918A2A00807A14 /* MyPage.storyboard in Resources */,
				F4B98A00289189FB00807A14 /* MainPage.storyboard in Resources */,
				F4C829E228925A7E009AB584 /* NewsCollectionViewCell.xib in Resources */,
				F4C829E628926221009AB584 /* GuideCollectionViewCell.xib in Resources */,
				F4B989FF289189E700807A14 /* SearchPage.storyboard in Resources */,
				5527D3AC28900A1C00D33242 /* LogPage.storyboard in Resources */,
				F4D8C932288B90230019B6BC /* TagTableViewCell.xib in Resources */,
				F4BE4BFF288AE01600CF276D /* GuidelinePage.storyboard in Resources */,
				F4D8C92A288B866F0019B6BC /* SearchTableViewCell.xib in Resources */,
				F4B3722D288E5E2F002215F1 /* ResultTableViewCell.xib in Resources */,
				F4BE4BED288ADBFF00CF276D /* LaunchScreen.storyboard in Resources */,
				5506067F288EC87F00B717DE /* CardTableViewCell.xib in Resources */,
				F4D8C936288B94140019B6BC /* TagCollectionViewCell.xib in Resources */,
				F4BE4BE5288ADBFF00CF276D /* Main.storyboard in Resources */,
				55060683288ECCB500B717DE /* CardCollectionViewCell.xib in Resources */,
				5527D3BC2890243300D33242 /* CollectionViewCell.xib in Resources */,
			);
			runOnlyForDeploymentPostprocessing = 0;
		};
/* End PBXResourcesBuildPhase section */

/* Begin PBXShellScriptBuildPhase section */
		8D4DAB0584ED4AB893538745 /* [CP] Embed Pods Frameworks */ = {
			isa = PBXShellScriptBuildPhase;
			buildActionMask = 2147483647;
			files = (
			);
			inputFileListPaths = (
				"${PODS_ROOT}/Target Support Files/Pods-Plantity/Pods-Plantity-frameworks-${CONFIGURATION}-input-files.xcfilelist",
			);
			name = "[CP] Embed Pods Frameworks";
			outputFileListPaths = (
				"${PODS_ROOT}/Target Support Files/Pods-Plantity/Pods-Plantity-frameworks-${CONFIGURATION}-output-files.xcfilelist",
			);
			runOnlyForDeploymentPostprocessing = 0;
			shellPath = /bin/sh;
			shellScript = "\"${PODS_ROOT}/Target Support Files/Pods-Plantity/Pods-Plantity-frameworks.sh\"\n";
			showEnvVarsInLog = 0;
		};
		A9C975089B332D8A974BF031 /* [CP] Check Pods Manifest.lock */ = {
			isa = PBXShellScriptBuildPhase;
			buildActionMask = 2147483647;
			files = (
			);
			inputFileListPaths = (
			);
			inputPaths = (
				"${PODS_PODFILE_DIR_PATH}/Podfile.lock",
				"${PODS_ROOT}/Manifest.lock",
			);
			name = "[CP] Check Pods Manifest.lock";
			outputFileListPaths = (
			);
			outputPaths = (
				"$(DERIVED_FILE_DIR)/Pods-Plantity-checkManifestLockResult.txt",
			);
			runOnlyForDeploymentPostprocessing = 0;
			shellPath = /bin/sh;
			shellScript = "diff \"${PODS_PODFILE_DIR_PATH}/Podfile.lock\" \"${PODS_ROOT}/Manifest.lock\" > /dev/null\nif [ $? != 0 ] ; then\n    # print error to STDERR\n    echo \"error: The sandbox is not in sync with the Podfile.lock. Run 'pod install' or update your CocoaPods installation.\" >&2\n    exit 1\nfi\n# This output is used by Xcode 'outputs' to avoid re-running this script phase.\necho \"SUCCESS\" > \"${SCRIPT_OUTPUT_FILE_0}\"\n";
			showEnvVarsInLog = 0;
		};
/* End PBXShellScriptBuildPhase section */

/* Begin PBXSourcesBuildPhase section */
		F4BE4BD6288ADBFF00CF276D /* Sources */ = {
			isa = PBXSourcesBuildPhase;
			buildActionMask = 2147483647;
			files = (
				5527D3B62890187F00D33242 /* LogPageViewController.swift in Sources */,
				F4C829E128925A7E009AB584 /* NewsCollectionViewCell.swift in Sources */,
				5506067A288EC71F00B717DE /* MainPageViewController.swift in Sources */,
				F4BE4BF9288ADFEC00CF276D /* SearchViewController.swift in Sources */,
				F4864507288CC34B00956C4C /* Color+Extension.swift in Sources */,
				F4B37230288E73C6002215F1 /* SearchResultModel.swift in Sources */,
				55060682288ECCB500B717DE /* CardCollectionViewCell.swift in Sources */,
				F4D8C935288B94140019B6BC /* TagCollectionViewCell.swift in Sources */,
				F4BE4BE2288ADBFF00CF276D /* ViewController.swift in Sources */,
				F4BE4BDE288ADBFF00CF276D /* AppDelegate.swift in Sources */,
				F4D8C931288B90230019B6BC /* TagTableViewCell.swift in Sources */,
				5527D3BB2890243300D33242 /* CollectionViewCell.swift in Sources */,
				5506067E288EC87F00B717DE /* CardTableViewCell.swift in Sources */,
				F4C829E528926221009AB584 /* GuideCollectionViewCell.swift in Sources */,
				F431BC77288FCDA800E4E614 /* MyPageViewController.swift in Sources */,
				F4C829D928925314009AB584 /* GuideViewController.swift in Sources */,
				F4B989FD2891828200807A14 /* MyTableViewCell.swift in Sources */,
				F4D8C929288B866F0019B6BC /* SearchTableViewCell.swift in Sources */,
				F4B989F92891826C00807A14 /* MyCollectionViewCell.swift in Sources */,
				F4BE4BE8288ADBFF00CF276D /* Plantity.xcdatamodeld in Sources */,
				F4B3722C288E5E2F002215F1 /* ResultTableViewCell.swift in Sources */,
				F4BE4BE0288ADBFF00CF276D /* SceneDelegate.swift in Sources */,
			);
			runOnlyForDeploymentPostprocessing = 0;
		};
/* End PBXSourcesBuildPhase section */

/* Begin PBXVariantGroup section */
		F4BE4BE3288ADBFF00CF276D /* Main.storyboard */ = {
			isa = PBXVariantGroup;
			children = (
				F4BE4BE4288ADBFF00CF276D /* Base */,
			);
			name = Main.storyboard;
			sourceTree = "<group>";
		};
		F4BE4BEB288ADBFF00CF276D /* LaunchScreen.storyboard */ = {
			isa = PBXVariantGroup;
			children = (
				F4BE4BEC288ADBFF00CF276D /* Base */,
			);
			name = LaunchScreen.storyboard;
			sourceTree = "<group>";
		};
/* End PBXVariantGroup section */

/* Begin XCBuildConfiguration section */
		F4BE4BEF288ADBFF00CF276D /* Debug */ = {
			isa = XCBuildConfiguration;
			buildSettings = {
				ALWAYS_SEARCH_USER_PATHS = NO;
				CLANG_ANALYZER_NONNULL = YES;
				CLANG_ANALYZER_NUMBER_OBJECT_CONVERSION = YES_AGGRESSIVE;
				CLANG_CXX_LANGUAGE_STANDARD = "gnu++17";
				CLANG_ENABLE_MODULES = YES;
				CLANG_ENABLE_OBJC_ARC = YES;
				CLANG_ENABLE_OBJC_WEAK = YES;
				CLANG_WARN_BLOCK_CAPTURE_AUTORELEASING = YES;
				CLANG_WARN_BOOL_CONVERSION = YES;
				CLANG_WARN_COMMA = YES;
				CLANG_WARN_CONSTANT_CONVERSION = YES;
				CLANG_WARN_DEPRECATED_OBJC_IMPLEMENTATIONS = YES;
				CLANG_WARN_DIRECT_OBJC_ISA_USAGE = YES_ERROR;
				CLANG_WARN_DOCUMENTATION_COMMENTS = YES;
				CLANG_WARN_EMPTY_BODY = YES;
				CLANG_WARN_ENUM_CONVERSION = YES;
				CLANG_WARN_INFINITE_RECURSION = YES;
				CLANG_WARN_INT_CONVERSION = YES;
				CLANG_WARN_NON_LITERAL_NULL_CONVERSION = YES;
				CLANG_WARN_OBJC_IMPLICIT_RETAIN_SELF = YES;
				CLANG_WARN_OBJC_LITERAL_CONVERSION = YES;
				CLANG_WARN_OBJC_ROOT_CLASS = YES_ERROR;
				CLANG_WARN_QUOTED_INCLUDE_IN_FRAMEWORK_HEADER = YES;
				CLANG_WARN_RANGE_LOOP_ANALYSIS = YES;
				CLANG_WARN_STRICT_PROTOTYPES = YES;
				CLANG_WARN_SUSPICIOUS_MOVE = YES;
				CLANG_WARN_UNGUARDED_AVAILABILITY = YES_AGGRESSIVE;
				CLANG_WARN_UNREACHABLE_CODE = YES;
				CLANG_WARN__DUPLICATE_METHOD_MATCH = YES;
				COPY_PHASE_STRIP = NO;
				DEBUG_INFORMATION_FORMAT = dwarf;
				ENABLE_STRICT_OBJC_MSGSEND = YES;
				ENABLE_TESTABILITY = YES;
				GCC_C_LANGUAGE_STANDARD = gnu11;
				GCC_DYNAMIC_NO_PIC = NO;
				GCC_NO_COMMON_BLOCKS = YES;
				GCC_OPTIMIZATION_LEVEL = 0;
				GCC_PREPROCESSOR_DEFINITIONS = (
					"DEBUG=1",
					"$(inherited)",
				);
				GCC_WARN_64_TO_32_BIT_CONVERSION = YES;
				GCC_WARN_ABOUT_RETURN_TYPE = YES_ERROR;
				GCC_WARN_UNDECLARED_SELECTOR = YES;
				GCC_WARN_UNINITIALIZED_AUTOS = YES_AGGRESSIVE;
				GCC_WARN_UNUSED_FUNCTION = YES;
				GCC_WARN_UNUSED_VARIABLE = YES;
				IPHONEOS_DEPLOYMENT_TARGET = 15.5;
				MTL_ENABLE_DEBUG_INFO = INCLUDE_SOURCE;
				MTL_FAST_MATH = YES;
				ONLY_ACTIVE_ARCH = YES;
				SDKROOT = iphoneos;
				SWIFT_ACTIVE_COMPILATION_CONDITIONS = DEBUG;
				SWIFT_OPTIMIZATION_LEVEL = "-Onone";
			};
			name = Debug;
		};
		F4BE4BF0288ADBFF00CF276D /* Release */ = {
			isa = XCBuildConfiguration;
			buildSettings = {
				ALWAYS_SEARCH_USER_PATHS = NO;
				CLANG_ANALYZER_NONNULL = YES;
				CLANG_ANALYZER_NUMBER_OBJECT_CONVERSION = YES_AGGRESSIVE;
				CLANG_CXX_LANGUAGE_STANDARD = "gnu++17";
				CLANG_ENABLE_MODULES = YES;
				CLANG_ENABLE_OBJC_ARC = YES;
				CLANG_ENABLE_OBJC_WEAK = YES;
				CLANG_WARN_BLOCK_CAPTURE_AUTORELEASING = YES;
				CLANG_WARN_BOOL_CONVERSION = YES;
				CLANG_WARN_COMMA = YES;
				CLANG_WARN_CONSTANT_CONVERSION = YES;
				CLANG_WARN_DEPRECATED_OBJC_IMPLEMENTATIONS = YES;
				CLANG_WARN_DIRECT_OBJC_ISA_USAGE = YES_ERROR;
				CLANG_WARN_DOCUMENTATION_COMMENTS = YES;
				CLANG_WARN_EMPTY_BODY = YES;
				CLANG_WARN_ENUM_CONVERSION = YES;
				CLANG_WARN_INFINITE_RECURSION = YES;
				CLANG_WARN_INT_CONVERSION = YES;
				CLANG_WARN_NON_LITERAL_NULL_CONVERSION = YES;
				CLANG_WARN_OBJC_IMPLICIT_RETAIN_SELF = YES;
				CLANG_WARN_OBJC_LITERAL_CONVERSION = YES;
				CLANG_WARN_OBJC_ROOT_CLASS = YES_ERROR;
				CLANG_WARN_QUOTED_INCLUDE_IN_FRAMEWORK_HEADER = YES;
				CLANG_WARN_RANGE_LOOP_ANALYSIS = YES;
				CLANG_WARN_STRICT_PROTOTYPES = YES;
				CLANG_WARN_SUSPICIOUS_MOVE = YES;
				CLANG_WARN_UNGUARDED_AVAILABILITY = YES_AGGRESSIVE;
				CLANG_WARN_UNREACHABLE_CODE = YES;
				CLANG_WARN__DUPLICATE_METHOD_MATCH = YES;
				COPY_PHASE_STRIP = NO;
				DEBUG_INFORMATION_FORMAT = "dwarf-with-dsym";
				ENABLE_NS_ASSERTIONS = NO;
				ENABLE_STRICT_OBJC_MSGSEND = YES;
				GCC_C_LANGUAGE_STANDARD = gnu11;
				GCC_NO_COMMON_BLOCKS = YES;
				GCC_WARN_64_TO_32_BIT_CONVERSION = YES;
				GCC_WARN_ABOUT_RETURN_TYPE = YES_ERROR;
				GCC_WARN_UNDECLARED_SELECTOR = YES;
				GCC_WARN_UNINITIALIZED_AUTOS = YES_AGGRESSIVE;
				GCC_WARN_UNUSED_FUNCTION = YES;
				GCC_WARN_UNUSED_VARIABLE = YES;
				IPHONEOS_DEPLOYMENT_TARGET = 15.5;
				MTL_ENABLE_DEBUG_INFO = NO;
				MTL_FAST_MATH = YES;
				SDKROOT = iphoneos;
				SWIFT_COMPILATION_MODE = wholemodule;
				SWIFT_OPTIMIZATION_LEVEL = "-O";
				VALIDATE_PRODUCT = YES;
			};
			name = Release;
		};
		F4BE4BF2288ADBFF00CF276D /* Debug */ = {
			isa = XCBuildConfiguration;
			baseConfigurationReference = 06B60FD27FBE249E2699CB15 /* Pods-Plantity.debug.xcconfig */;
			buildSettings = {
				ASSETCATALOG_COMPILER_APPICON_NAME = AppIcon;
				ASSETCATALOG_COMPILER_GLOBAL_ACCENT_COLOR_NAME = AccentColor;
				CODE_SIGN_STYLE = Automatic;
				CURRENT_PROJECT_VERSION = 1;
				GENERATE_INFOPLIST_FILE = YES;
				INFOPLIST_FILE = Plantity/Info.plist;
				INFOPLIST_KEY_UIApplicationSupportsIndirectInputEvents = YES;
				INFOPLIST_KEY_UILaunchStoryboardName = LaunchScreen;
				INFOPLIST_KEY_UIMainStoryboardFile = Main;
				INFOPLIST_KEY_UISupportedInterfaceOrientations_iPad = "UIInterfaceOrientationPortrait UIInterfaceOrientationPortraitUpsideDown UIInterfaceOrientationLandscapeLeft UIInterfaceOrientationLandscapeRight";
				INFOPLIST_KEY_UISupportedInterfaceOrientations_iPhone = "UIInterfaceOrientationPortrait UIInterfaceOrientationLandscapeLeft UIInterfaceOrientationLandscapeRight";
				IPHONEOS_DEPLOYMENT_TARGET = 15.2;
				LD_RUNPATH_SEARCH_PATHS = (
					"$(inherited)",
					"@executable_path/Frameworks",
				);
				MARKETING_VERSION = 1.0;
				PRODUCT_BUNDLE_IDENTIFIER = com.eunhyung.Plantity;
				PRODUCT_NAME = "$(TARGET_NAME)";
				SWIFT_EMIT_LOC_STRINGS = YES;
				SWIFT_VERSION = 5.0;
				TARGETED_DEVICE_FAMILY = "1,2";
			};
			name = Debug;
		};
		F4BE4BF3288ADBFF00CF276D /* Release */ = {
			isa = XCBuildConfiguration;
			baseConfigurationReference = 28B852B95900EA4E999DE176 /* Pods-Plantity.release.xcconfig */;
			buildSettings = {
				ASSETCATALOG_COMPILER_APPICON_NAME = AppIcon;
				ASSETCATALOG_COMPILER_GLOBAL_ACCENT_COLOR_NAME = AccentColor;
				CODE_SIGN_STYLE = Automatic;
				CURRENT_PROJECT_VERSION = 1;
				GENERATE_INFOPLIST_FILE = YES;
				INFOPLIST_FILE = Plantity/Info.plist;
				INFOPLIST_KEY_UIApplicationSupportsIndirectInputEvents = YES;
				INFOPLIST_KEY_UILaunchStoryboardName = LaunchScreen;
				INFOPLIST_KEY_UIMainStoryboardFile = Main;
				INFOPLIST_KEY_UISupportedInterfaceOrientations_iPad = "UIInterfaceOrientationPortrait UIInterfaceOrientationPortraitUpsideDown UIInterfaceOrientationLandscapeLeft UIInterfaceOrientationLandscapeRight";
				INFOPLIST_KEY_UISupportedInterfaceOrientations_iPhone = "UIInterfaceOrientationPortrait UIInterfaceOrientationLandscapeLeft UIInterfaceOrientationLandscapeRight";
				IPHONEOS_DEPLOYMENT_TARGET = 15.2;
				LD_RUNPATH_SEARCH_PATHS = (
					"$(inherited)",
					"@executable_path/Frameworks",
				);
				MARKETING_VERSION = 1.0;
				PRODUCT_BUNDLE_IDENTIFIER = com.eunhyung.Plantity;
				PRODUCT_NAME = "$(TARGET_NAME)";
				SWIFT_EMIT_LOC_STRINGS = YES;
				SWIFT_VERSION = 5.0;
				TARGETED_DEVICE_FAMILY = "1,2";
			};
			name = Release;
		};
/* End XCBuildConfiguration section */

/* Begin XCConfigurationList section */
		F4BE4BD5288ADBFF00CF276D /* Build configuration list for PBXProject "Plantity" */ = {
			isa = XCConfigurationList;
			buildConfigurations = (
				F4BE4BEF288ADBFF00CF276D /* Debug */,
				F4BE4BF0288ADBFF00CF276D /* Release */,
			);
			defaultConfigurationIsVisible = 0;
			defaultConfigurationName = Release;
		};
		F4BE4BF1288ADBFF00CF276D /* Build configuration list for PBXNativeTarget "Plantity" */ = {
			isa = XCConfigurationList;
			buildConfigurations = (
				F4BE4BF2288ADBFF00CF276D /* Debug */,
				F4BE4BF3288ADBFF00CF276D /* Release */,
			);
			defaultConfigurationIsVisible = 0;
			defaultConfigurationName = Release;
		};
/* End XCConfigurationList section */

/* Begin XCVersionGroup section */
		F4BE4BE6288ADBFF00CF276D /* Plantity.xcdatamodeld */ = {
			isa = XCVersionGroup;
			children = (
				F4BE4BE7288ADBFF00CF276D /* Plantity.xcdatamodel */,
			);
			currentVersion = F4BE4BE7288ADBFF00CF276D /* Plantity.xcdatamodel */;
			path = Plantity.xcdatamodeld;
			sourceTree = "<group>";
			versionGroupType = wrapper.xcdatamodel;
		};
/* End XCVersionGroup section */
	};
	rootObject = F4BE4BD2288ADBFF00CF276D /* Project object */;
}
